
Microsoft Visual Studio Solution File, Format Version 12.00
# Visual Studio Version 17
VisualStudioVersion = 17.11.35431.28
MinimumVisualStudioVersion = 10.0.40219.1
Project("{FAE04EC0-301F-11D3-BF4B-00C04F79EFBC}") = "Input System", "Input System\Input System.csproj", "{DA4A0EC0-CDFB-471B-A19F-F6F54CC19CDC}"
EndProject
Global
	GlobalSection(SolutionConfigurationPlatforms) = preSolution
		Debug|Any CPU = Debug|Any CPU
		Release|Any CPU = Release|Any CPU
	EndGlobalSection
	GlobalSection(ProjectConfigurationPlatforms) = postSolution
		{DA4A0EC0-CDFB-471B-A19F-F6F54CC19CDC}.Debug|Any CPU.ActiveCfg = Debug|Any CPU
		{DA4A0EC0-CDFB-471B-A19F-F6F54CC19CDC}.Debug|Any CPU.Build.0 = Debug|Any CPU
		{DA4A0EC0-CDFB-471B-A19F-F6F54CC19CDC}.Release|Any CPU.ActiveCfg = Release|Any CPU
		{DA4A0EC0-CDFB-471B-A19F-F6F54CC19CDC}.Release|Any CPU.Build.0 = Release|Any CPU
	EndGlobalSection
	GlobalSection(SolutionProperties) = preSolution
		HideSolutionNode = FALSE
	EndGlobalSection
	GlobalSection(ExtensibilityGlobals) = postSolution
		SolutionGuid = {BAE9F4DD-4F8F-4AB5-B312-0BC9626D24DC}
	EndGlobalSection
EndGlobal
